// !$*UTF8*$!
{
	archiveVersion = 1;
	classes = {
	};
	objectVersion = 46;
	objects = {

/* Begin PBXBuildFile section */
		1DF459021C6FE9C000F8AEED /* AppDelegate.swift in Sources */ = {isa = PBXBuildFile; fileRef = 1DF459011C6FE9C000F8AEED /* AppDelegate.swift */; };
		1DF459041C6FE9C000F8AEED /* ViewController.swift in Sources */ = {isa = PBXBuildFile; fileRef = 1DF459031C6FE9C000F8AEED /* ViewController.swift */; };
		1DF459071C6FE9C000F8AEED /* Main.storyboard in Resources */ = {isa = PBXBuildFile; fileRef = 1DF459051C6FE9C000F8AEED /* Main.storyboard */; };
		1DF459091C6FE9C000F8AEED /* Assets.xcassets in Resources */ = {isa = PBXBuildFile; fileRef = 1DF459081C6FE9C000F8AEED /* Assets.xcassets */; };
		1DF4590C1C6FE9C000F8AEED /* LaunchScreen.storyboard in Resources */ = {isa = PBXBuildFile; fileRef = 1DF4590A1C6FE9C000F8AEED /* LaunchScreen.storyboard */; };
		1DF459171C6FE9C000F8AEED /* carousel1Tests.swift in Sources */ = {isa = PBXBuildFile; fileRef = 1DF459161C6FE9C000F8AEED /* carousel1Tests.swift */; };
		1DF459221C6FE9C000F8AEED /* carousel1UITests.swift in Sources */ = {isa = PBXBuildFile; fileRef = 1DF459211C6FE9C000F8AEED /* carousel1UITests.swift */; };
		1DF459301C6FEA2300F8AEED /* IntroViewController.swift in Sources */ = {isa = PBXBuildFile; fileRef = 1DF4592F1C6FEA2300F8AEED /* IntroViewController.swift */; };
/* End PBXBuildFile section */

/* Begin PBXContainerItemProxy section */
		1DF459131C6FE9C000F8AEED /* PBXContainerItemProxy */ = {
			isa = PBXContainerItemProxy;
			containerPortal = 1DF458F61C6FE9C000F8AEED /* Project object */;
			proxyType = 1;
			remoteGlobalIDString = 1DF458FD1C6FE9C000F8AEED;
			remoteInfo = carousel1;
		};
		1DF4591E1C6FE9C000F8AEED /* PBXContainerItemProxy */ = {
			isa = PBXContainerItemProxy;
			containerPortal = 1DF458F61C6FE9C000F8AEED /* Project object */;
			proxyType = 1;
			remoteGlobalIDString = 1DF458FD1C6FE9C000F8AEED;
			remoteInfo = carousel1;
		};
/* End PBXContainerItemProxy section */

/* Begin PBXFileReference section */
		1DF458FE1C6FE9C000F8AEED /* carousel1.app */ = {isa = PBXFileReference; explicitFileType = wrapper.application; includeInIndex = 0; path = carousel1.app; sourceTree = BUILT_PRODUCTS_DIR; };
		1DF459011C6FE9C000F8AEED /* AppDelegate.swift */ = {isa = PBXFileReference; lastKnownFileType = sourcecode.swift; path = AppDelegate.swift; sourceTree = "<group>"; };
		1DF459031C6FE9C000F8AEED /* ViewController.swift */ = {isa = PBXFileReference; lastKnownFileType = sourcecode.swift; path = ViewController.swift; sourceTree = "<group>"; };
		1DF459061C6FE9C000F8AEED /* Base */ = {isa = PBXFileReference; lastKnownFileType = file.storyboard; name = Base; path = Base.lproj/Main.storyboard; sourceTree = "<group>"; };
		1DF459081C6FE9C000F8AEED /* Assets.xcassets */ = {isa = PBXFileReference; lastKnownFileType = folder.assetcatalog; path = Assets.xcassets; sourceTree = "<group>"; };
		1DF4590B1C6FE9C000F8AEED /* Base */ = {isa = PBXFileReference; lastKnownFileType = file.storyboard; name = Base; path = Base.lproj/LaunchScreen.storyboard; sourceTree = "<group>"; };
		1DF4590D1C6FE9C000F8AEED /* Info.plist */ = {isa = PBXFileReference; lastKnownFileType = text.plist.xml; path = Info.plist; sourceTree = "<group>"; };
		1DF459121C6FE9C000F8AEED /* carousel1Tests.xctest */ = {isa = PBXFileReference; explicitFileType = wrapper.cfbundle; includeInIndex = 0; path = carousel1Tests.xctest; sourceTree = BUILT_PRODUCTS_DIR; };
		1DF459161C6FE9C000F8AEED /* carousel1Tests.swift */ = {isa = PBXFileReference; lastKnownFileType = sourcecode.swift; path = carousel1Tests.swift; sourceTree = "<group>"; };
		1DF459181C6FE9C000F8AEED /* Info.plist */ = {isa = PBXFileReference; lastKnownFileType = text.plist.xml; path = Info.plist; sourceTree = "<group>"; };
		1DF4591D1C6FE9C000F8AEED /* carousel1UITests.xctest */ = {isa = PBXFileReference; explicitFileType = wrapper.cfbundle; includeInIndex = 0; path = carousel1UITests.xctest; sourceTree = BUILT_PRODUCTS_DIR; };
		1DF459211C6FE9C000F8AEED /* carousel1UITests.swift */ = {isa = PBXFileReference; lastKnownFileType = sourcecode.swift; path = carousel1UITests.swift; sourceTree = "<group>"; };
		1DF459231C6FE9C000F8AEED /* Info.plist */ = {isa = PBXFileReference; lastKnownFileType = text.plist.xml; path = Info.plist; sourceTree = "<group>"; };
		1DF4592F1C6FEA2300F8AEED /* IntroViewController.swift */ = {isa = PBXFileReference; fileEncoding = 4; lastKnownFileType = sourcecode.swift; path = IntroViewController.swift; sourceTree = "<group>"; };
/* End PBXFileReference section */

/* Begin PBXFrameworksBuildPhase section */
		1DF458FB1C6FE9C000F8AEED /* Frameworks */ = {
			isa = PBXFrameworksBuildPhase;
			buildActionMask = 2147483647;
			files = (
			);
			runOnlyForDeploymentPostprocessing = 0;
		};
		1DF4590F1C6FE9C000F8AEED /* Frameworks */ = {
			isa = PBXFrameworksBuildPhase;
			buildActionMask = 2147483647;
			files = (
			);
			runOnlyForDeploymentPostprocessing = 0;
		};
		1DF4591A1C6FE9C000F8AEED /* Frameworks */ = {
			isa = PBXFrameworksBuildPhase;
			buildActionMask = 2147483647;
			files = (
			);
			runOnlyForDeploymentPostprocessing = 0;
		};
/* End PBXFrameworksBuildPhase section */

/* Begin PBXGroup section */
		1DF458F51C6FE9C000F8AEED = {
			isa = PBXGroup;
			children = (
				1DF459001C6FE9C000F8AEED /* carousel1 */,
				1DF459151C6FE9C000F8AEED /* carousel1Tests */,
				1DF459201C6FE9C000F8AEED /* carousel1UITests */,
				1DF458FF1C6FE9C000F8AEED /* Products */,
			);
			sourceTree = "<group>";
		};
		1DF458FF1C6FE9C000F8AEED /* Products */ = {
			isa = PBXGroup;
			children = (
				1DF458FE1C6FE9C000F8AEED /* carousel1.app */,
				1DF459121C6FE9C000F8AEED /* carousel1Tests.xctest */,
				1DF4591D1C6FE9C000F8AEED /* carousel1UITests.xctest */,
			);
			name = Products;
			sourceTree = "<group>";
		};
		1DF459001C6FE9C000F8AEED /* carousel1 */ = {
			isa = PBXGroup;
			children = (
				1DF459011C6FE9C000F8AEED /* AppDelegate.swift */,
				1DF459031C6FE9C000F8AEED /* ViewController.swift */,
				1DF459051C6FE9C000F8AEED /* Main.storyboard */,
				1DF4592F1C6FEA2300F8AEED /* IntroViewController.swift */,
				1DF459081C6FE9C000F8AEED /* Assets.xcassets */,
				1DF4590A1C6FE9C000F8AEED /* LaunchScreen.storyboard */,
				1DF4590D1C6FE9C000F8AEED /* Info.plist */,
			);
			path = carousel1;
			sourceTree = "<group>";
		};
		1DF459151C6FE9C000F8AEED /* carousel1Tests */ = {
			isa = PBXGroup;
			children = (
				1DF459161C6FE9C000F8AEED /* carousel1Tests.swift */,
				1DF459181C6FE9C000F8AEED /* Info.plist */,
			);
			path = carousel1Tests;
			sourceTree = "<group>";
		};
		1DF459201C6FE9C000F8AEED /* carousel1UITests */ = {
			isa = PBXGroup;
			children = (
				1DF459211C6FE9C000F8AEED /* carousel1UITests.swift */,
				1DF459231C6FE9C000F8AEED /* Info.plist */,
			);
			path = carousel1UITests;
			sourceTree = "<group>";
		};
/* End PBXGroup section */

/* Begin PBXNativeTarget section */
		1DF458FD1C6FE9C000F8AEED /* carousel1 */ = {
			isa = PBXNativeTarget;
			buildConfigurationList = 1DF459261C6FE9C000F8AEED /* Build configuration list for PBXNativeTarget "carousel1" */;
			buildPhases = (
				1DF458FA1C6FE9C000F8AEED /* Sources */,
				1DF458FB1C6FE9C000F8AEED /* Frameworks */,
				1DF458FC1C6FE9C000F8AEED /* Resources */,
			);
			buildRules = (
			);
			dependencies = (
			);
			name = carousel1;
			productName = carousel1;
			productReference = 1DF458FE1C6FE9C000F8AEED /* carousel1.app */;
			productType = "com.apple.product-type.application";
		};
		1DF459111C6FE9C000F8AEED /* carousel1Tests */ = {
			isa = PBXNativeTarget;
			buildConfigurationList = 1DF459291C6FE9C000F8AEED /* Build configuration list for PBXNativeTarget "carousel1Tests" */;
			buildPhases = (
				1DF4590E1C6FE9C000F8AEED /* Sources */,
				1DF4590F1C6FE9C000F8AEED /* Frameworks */,
				1DF459101C6FE9C000F8AEED /* Resources */,
			);
			buildRules = (
			);
			dependencies = (
				1DF459141C6FE9C000F8AEED /* PBXTargetDependency */,
			);
			name = carousel1Tests;
			productName = carousel1Tests;
			productReference = 1DF459121C6FE9C000F8AEED /* carousel1Tests.xctest */;
			productType = "com.apple.product-type.bundle.unit-test";
		};
		1DF4591C1C6FE9C000F8AEED /* carousel1UITests */ = {
			isa = PBXNativeTarget;
			buildConfigurationList = 1DF4592C1C6FE9C000F8AEED /* Build configuration list for PBXNativeTarget "carousel1UITests" */;
			buildPhases = (
				1DF459191C6FE9C000F8AEED /* Sources */,
				1DF4591A1C6FE9C000F8AEED /* Frameworks */,
				1DF4591B1C6FE9C000F8AEED /* Resources */,
			);
			buildRules = (
			);
			dependencies = (
				1DF4591F1C6FE9C000F8AEED /* PBXTargetDependency */,
			);
			name = carousel1UITests;
			productName = carousel1UITests;
			productReference = 1DF4591D1C6FE9C000F8AEED /* carousel1UITests.xctest */;
			productType = "com.apple.product-type.bundle.ui-testing";
		};
/* End PBXNativeTarget section */

/* Begin PBXProject section */
		1DF458F61C6FE9C000F8AEED /* Project object */ = {
			isa = PBXProject;
			attributes = {
				LastSwiftUpdateCheck = 0730;
				LastUpgradeCheck = 0730;
				ORGANIZATIONNAME = "Madelyn Lee";
				TargetAttributes = {
					1DF458FD1C6FE9C000F8AEED = {
						CreatedOnToolsVersion = 7.3;
					};
					1DF459111C6FE9C000F8AEED = {
						CreatedOnToolsVersion = 7.3;
						TestTargetID = 1DF458FD1C6FE9C000F8AEED;
					};
					1DF4591C1C6FE9C000F8AEED = {
						CreatedOnToolsVersion = 7.3;
						TestTargetID = 1DF458FD1C6FE9C000F8AEED;
					};
				};
			};
			buildConfigurationList = 1DF458F91C6FE9C000F8AEED /* Build configuration list for PBXProject "carousel1" */;
			compatibilityVersion = "Xcode 3.2";
			developmentRegion = English;
			hasScannedForEncodings = 0;
			knownRegions = (
				en,
				Base,
			);
			mainGroup = 1DF458F51C6FE9C000F8AEED;
			productRefGroup = 1DF458FF1C6FE9C000F8AEED /* Products */;
			projectDirPath = "";
			projectRoot = "";
			targets = (
				1DF458FD1C6FE9C000F8AEED /* carousel1 */,
				1DF459111C6FE9C000F8AEED /* carousel1Tests */,
				1DF4591C1C6FE9C000F8AEED /* carousel1UITests */,
			);
		};
/* End PBXProject section */

/* Begin PBXResourcesBuildPhase section */
		1DF458FC1C6FE9C000F8AEED /* Resources */ = {
			isa = PBXResourcesBuildPhase;
			buildActionMask = 2147483647;
			files = (
				1DF4590C1C6FE9C000F8AEED /* LaunchScreen.storyboard in Resources */,
				1DF459091C6FE9C000F8AEED /* Assets.xcassets in Resources */,
				1DF459071C6FE9C000F8AEED /* Main.storyboard in Resources */,
			);
			runOnlyForDeploymentPostprocessing = 0;
		};
		1DF459101C6FE9C000F8AEED /* Resources */ = {
			isa = PBXResourcesBuildPhase;
			buildActionMask = 2147483647;
			files = (
			);
			runOnlyForDeploymentPostprocessing = 0;
		};
		1DF4591B1C6FE9C000F8AEED /* Resources */ = {
			isa = PBXResourcesBuildPhase;
			buildActionMask = 2147483647;
			files = (
			);
			runOnlyForDeploymentPostprocessing = 0;
		};
/* End PBXResourcesBuildPhase section */

/* Begin PBXSourcesBuildPhase section */
		1DF458FA1C6FE9C000F8AEED /* Sources */ = {
			isa = PBXSourcesBuildPhase;
			buildActionMask = 2147483647;
			files = (
				1DF459301C6FEA2300F8AEED /* IntroViewController.swift in Sources */,
				1DF459041C6FE9C000F8AEED /* ViewController.swift in Sources */,
				1DF459021C6FE9C000F8AEED /* AppDelegate.swift in Sources */,
			);
			runOnlyForDeploymentPostprocessing = 0;
		};
		1DF4590E1C6FE9C000F8AEED /* Sources */ = {
			isa = PBXSourcesBuildPhase;
			buildActionMask = 2147483647;
			files = (
				1DF459171C6FE9C000F8AEED /* carousel1Tests.swift in Sources */,
			);
			runOnlyForDeploymentPostprocessing = 0;
		};
		1DF459191C6FE9C000F8AEED /* Sources */ = {
			isa = PBXSourcesBuildPhase;
			buildActionMask = 2147483647;
			files = (
				1DF459221C6FE9C000F8AEED /* carousel1UITests.swift in Sources */,
			);
			runOnlyForDeploymentPostprocessing = 0;
		};
/* End PBXSourcesBuildPhase section */

/* Begin PBXTargetDependency section */
		1DF459141C6FE9C000F8AEED /* PBXTargetDependency */ = {
			isa = PBXTargetDependency;
			target = 1DF458FD1C6FE9C000F8AEED /* carousel1 */;
			targetProxy = 1DF459131C6FE9C000F8AEED /* PBXContainerItemProxy */;
		};
		1DF4591F1C6FE9C000F8AEED /* PBXTargetDependency */ = {
			isa = PBXTargetDependency;
			target = 1DF458FD1C6FE9C000F8AEED /* carousel1 */;
			targetProxy = 1DF4591E1C6FE9C000F8AEED /* PBXContainerItemProxy */;
		};
/* End PBXTargetDependency section */

/* Begin PBXVariantGroup section */
		1DF459051C6FE9C000F8AEED /* Main.storyboard */ = {
			isa = PBXVariantGroup;
			children = (
				1DF459061C6FE9C000F8AEED /* Base */,
			);
			name = Main.storyboard;
			sourceTree = "<group>";
		};
		1DF4590A1C6FE9C000F8AEED /* LaunchScreen.storyboard */ = {
			isa = PBXVariantGroup;
			children = (
				1DF4590B1C6FE9C000F8AEED /* Base */,
			);
			name = LaunchScreen.storyboard;
			sourceTree = "<group>";
		};
/* End PBXVariantGroup section */

/* Begin XCBuildConfiguration section */
		1DF459241C6FE9C000F8AEED /* Debug */ = {
			isa = XCBuildConfiguration;
			buildSettings = {
				ALWAYS_SEARCH_USER_PATHS = NO;
				CLANG_CXX_LANGUAGE_STANDARD = "gnu++0x";
				CLANG_CXX_LIBRARY = "libc++";
				CLANG_ENABLE_MODULES = YES;
				CLANG_ENABLE_OBJC_ARC = YES;
				CLANG_WARN_BOOL_CONVERSION = YES;
				CLANG_WARN_CONSTANT_CONVERSION = YES;
				CLANG_WARN_DIRECT_OBJC_ISA_USAGE = YES_ERROR;
				CLANG_WARN_EMPTY_BODY = YES;
				CLANG_WARN_ENUM_CONVERSION = YES;
				CLANG_WARN_INT_CONVERSION = YES;
				CLANG_WARN_OBJC_ROOT_CLASS = YES_ERROR;
				CLANG_WARN_UNREACHABLE_CODE = YES;
				CLANG_WARN__DUPLICATE_METHOD_MATCH = YES;
				"CODE_SIGN_IDENTITY[sdk=iphoneos*]" = "iPhone Developer";
				COPY_PHASE_STRIP = NO;
				DEBUG_INFORMATION_FORMAT = dwarf;
				ENABLE_STRICT_OBJC_MSGSEND = YES;
				ENABLE_TESTABILITY = YES;
				GCC_C_LANGUAGE_STANDARD = gnu99;
				GCC_DYNAMIC_NO_PIC = NO;
				GCC_NO_COMMON_BLOCKS = YES;
				GCC_OPTIMIZATION_LEVEL = 0;
				GCC_PREPROCESSOR_DEFINITIONS = (
					"DEBUG=1",
					"$(inherited)",
				);
				GCC_WARN_64_TO_32_BIT_CONVERSION = YES;
				GCC_WARN_ABOUT_RETURN_TYPE = YES_ERROR;
				GCC_WARN_UNDECLARED_SELECTOR = YES;
				GCC_WARN_UNINITIALIZED_AUTOS = YES_AGGRESSIVE;
				GCC_WARN_UNUSED_FUNCTION = YES;
				GCC_WARN_UNUSED_VARIABLE = YES;
				IPHONEOS_DEPLOYMENT_TARGET = 9.3;
				MTL_ENABLE_DEBUG_INFO = YES;
				ONLY_ACTIVE_ARCH = YES;
				SDKROOT = iphoneos;
				SWIFT_OPTIMIZATION_LEVEL = "-Onone";
			};
			name = Debug;
		};
		1DF459251C6FE9C000F8AEED /* Release */ = {
			isa = XCBuildConfiguration;
			buildSettings = {
				ALWAYS_SEARCH_USER_PATHS = NO;
				CLANG_CXX_LANGUAGE_STANDARD = "gnu++0x";
				CLANG_CXX_LIBRARY = "libc++";
				CLANG_ENABLE_MODULES = YES;
				CLANG_ENABLE_OBJC_ARC = YES;
				CLANG_WARN_BOOL_CONVERSION = YES;
				CLANG_WARN_CONSTANT_CONVERSION = YES;
				CLANG_WARN_DIRECT_OBJC_ISA_USAGE = YES_ERROR;
				CLANG_WARN_EMPTY_BODY = YES;
				CLANG_WARN_ENUM_CONVERSION = YES;
				CLANG_WARN_INT_CONVERSION = YES;
				CLANG_WARN_OBJC_ROOT_CLASS = YES_ERROR;
				CLANG_WARN_UNREACHABLE_CODE = YES;
				CLANG_WARN__DUPLICATE_METHOD_MATCH = YES;
				"CODE_SIGN_IDENTITY[sdk=iphoneos*]" = "iPhone Developer";
				COPY_PHASE_STRIP = NO;
				DEBUG_INFORMATION_FORMAT = "dwarf-with-dsym";
				ENABLE_NS_ASSERTIONS = NO;
				ENABLE_STRICT_OBJC_MSGSEND = YES;
				GCC_C_LANGUAGE_STANDARD = gnu99;
				GCC_NO_COMMON_BLOCKS = YES;
				GCC_WARN_64_TO_32_BIT_CONVERSION = YES;
				GCC_WARN_ABOUT_RETURN_TYPE = YES_ERROR;
				GCC_WARN_UNDECLARED_SELECTOR = YES;
				GCC_WARN_UNINITIALIZED_AUTOS = YES_AGGRESSIVE;
				GCC_WARN_UNUSED_FUNCTION = YES;
				GCC_WARN_UNUSED_VARIABLE = YES;
				IPHONEOS_DEPLOYMENT_TARGET = 9.3;
				MTL_ENABLE_DEBUG_INFO = NO;
				SDKROOT = iphoneos;
				VALIDATE_PRODUCT = YES;
			};
			name = Release;
		};
		1DF459271C6FE9C000F8AEED /* Debug */ = {
			isa = XCBuildConfiguration;
			buildSettings = {
				ASSETCATALOG_COMPILER_APPICON_NAME = AppIcon;
				INFOPLIST_FILE = carousel1/Info.plist;
				IPHONEOS_DEPLOYMENT_TARGET = 9.2;
				LD_RUNPATH_SEARCH_PATHS = "$(inherited) @executable_path/Frameworks";
				PRODUCT_BUNDLE_IDENTIFIER = Codepath.carousel1;
				PRODUCT_NAME = "$(TARGET_NAME)";
			};
			name = Debug;
		};
		1DF459281C6FE9C000F8AEED /* Release */ = {
			isa = XCBuildConfiguration;
			buildSettings = {
				ASSETCATALOG_COMPILER_APPICON_NAME = AppIcon;
				INFOPLIST_FILE = carousel1/Info.plist;
				IPHONEOS_DEPLOYMENT_TARGET = 9.2;
				LD_RUNPATH_SEARCH_PATHS = "$(inherited) @executable_path/Frameworks";
				PRODUCT_BUNDLE_IDENTIFIER = Codepath.carousel1;
				PRODUCT_NAME = "$(TARGET_NAME)";
			};
			name = Release;
		};
		1DF4592A1C6FE9C000F8AEED /* Debug */ = {
			isa = XCBuildConfiguration;
			buildSettings = {
				BUNDLE_LOADER = "$(TEST_HOST)";
				INFOPLIST_FILE = carousel1Tests/Info.plist;
				LD_RUNPATH_SEARCH_PATHS = "$(inherited) @executable_path/Frameworks @loader_path/Frameworks";
				PRODUCT_BUNDLE_IDENTIFIER = Codepath.carousel1Tests;
				PRODUCT_NAME = "$(TARGET_NAME)";
				TEST_HOST = "$(BUILT_PRODUCTS_DIR)/carousel1.app/carousel1";
			};
			name = Debug;
		};
		1DF4592B1C6FE9C000F8AEED /* Release */ = {
			isa = XCBuildConfiguration;
			buildSettings = {
				BUNDLE_LOADER = "$(TEST_HOST)";
				INFOPLIST_FILE = carousel1Tests/Info.plist;
				LD_RUNPATH_SEARCH_PATHS = "$(inherited) @executable_path/Frameworks @loader_path/Frameworks";
				PRODUCT_BUNDLE_IDENTIFIER = Codepath.carousel1Tests;
				PRODUCT_NAME = "$(TARGET_NAME)";
				TEST_HOST = "$(BUILT_PRODUCTS_DIR)/carousel1.app/carousel1";
			};
			name = Release;
		};
		1DF4592D1C6FE9C000F8AEED /* Debug */ = {
			isa = XCBuildConfiguration;
			buildSettings = {
				INFOPLIST_FILE = carousel1UITests/Info.plist;
				LD_RUNPATH_SEARCH_PATHS = "$(inherited) @executable_path/Frameworks @loader_path/Frameworks";
				PRODUCT_BUNDLE_IDENTIFIER = Codepath.carousel1UITests;
				PRODUCT_NAME = "$(TARGET_NAME)";
				TEST_TARGET_NAME = carousel1;
			};
			name = Debug;
		};
		1DF4592E1C6FE9C000F8AEED /* Release */ = {
			isa = XCBuildConfiguration;
			buildSettings = {
				INFOPLIST_FILE = carousel1UITests/Info.plist;
				LD_RUNPATH_SEARCH_PATHS = "$(inherited) @executable_path/Frameworks @loader_path/Frameworks";
				PRODUCT_BUNDLE_IDENTIFIER = Codepath.carousel1UITests;
				PRODUCT_NAME = "$(TARGET_NAME)";
				TEST_TARGET_NAME = carousel1;
			};
			name = Release;
		};
/* End XCBuildConfiguration section */

/* Begin XCConfigurationList section */
		1DF458F91C6FE9C000F8AEED /* Build configuration list for PBXProject "carousel1" */ = {
			isa = XCConfigurationList;
			buildConfigurations = (
				1DF459241C6FE9C000F8AEED /* Debug */,
				1DF459251C6FE9C000F8AEED /* Release */,
			);
			defaultConfigurationIsVisible = 0;
			defaultConfigurationName = Release;
		};
		1DF459261C6FE9C000F8AEED /* Build configuration list for PBXNativeTarget "carousel1" */ = {
			isa = XCConfigurationList;
			buildConfigurations = (
				1DF459271C6FE9C000F8AEED /* Debug */,
				1DF459281C6FE9C000F8AEED /* Release */,
			);
			defaultConfigurationIsVisible = 0;
		};
		1DF459291C6FE9C000F8AEED /* Build configuration list for PBXNativeTarget "carousel1Tests" */ = {
			isa = XCConfigurationList;
			buildConfigurations = (
				1DF4592A1C6FE9C000F8AEED /* Debug */,
				1DF4592B1C6FE9C000F8AEED /* Release */,
			);
			defaultConfigurationIsVisible = 0;
		};
		1DF4592C1C6FE9C000F8AEED /* Build configuration list for PBXNativeTarget "carousel1UITests" */ = {
			isa = XCConfigurationList;
			buildConfigurations = (
				1DF4592D1C6FE9C000F8AEED /* Debug */,
				1DF4592E1C6FE9C000F8AEED /* Release */,
			);
			defaultConfigurationIsVisible = 0;
		};
/* End XCConfigurationList section */
	};
	rootObject = 1DF458F61C6FE9C000F8AEED /* Project object */;
}
